
Microsoft Visual Studio Solution File, Format Version 12.00
# Visual Studio Version 17
VisualStudioVersion = 17.4.33205.214
MinimumVisualStudioVersion = 10.0.40219.1
Project("{9A19103F-16F7-4668-BE54-9A1E7A4F7556}") = "Elements", "Elements\Elements.csproj", "{96D9CDC4-BA1A-4EC4-A56D-93D759264216}"
EndProject
Project("{9A19103F-16F7-4668-BE54-9A1E7A4F7556}") = "Helper", "Helper\Helper.csproj", "{BD7899A6-4F9D-4E5D-8364-89A0BBDD1FE0}"
EndProject
Project("{FAE04EC0-301F-11D3-BF4B-00C04F79EFBC}") = "PckEditor", "PckEditor\PckEditor.csproj", "{16144766-87AC-4B76-A765-2A66C6F9B0A1}"
EndProject
Global
	GlobalSection(SolutionConfigurationPlatforms) = preSolution
		Debug|Any CPU = Debug|Any CPU
		Release|Any CPU = Release|Any CPU
	EndGlobalSection
	GlobalSection(ProjectConfigurationPlatforms) = postSolution
		{96D9CDC4-BA1A-4EC4-A56D-93D759264216}.Debug|Any CPU.ActiveCfg = Debug|Any CPU
		{96D9CDC4-BA1A-4EC4-A56D-93D759264216}.Debug|Any CPU.Build.0 = Debug|Any CPU
		{96D9CDC4-BA1A-4EC4-A56D-93D759264216}.Release|Any CPU.ActiveCfg = Release|Any CPU
		{96D9CDC4-BA1A-4EC4-A56D-93D759264216}.Release|Any CPU.Build.0 = Release|Any CPU
		{BD7899A6-4F9D-4E5D-8364-89A0BBDD1FE0}.Debug|Any CPU.ActiveCfg = Debug|Any CPU
		{BD7899A6-4F9D-4E5D-8364-89A0BBDD1FE0}.Debug|Any CPU.Build.0 = Debug|Any CPU
		{BD7899A6-4F9D-4E5D-8364-89A0BBDD1FE0}.Release|Any CPU.ActiveCfg = Release|Any CPU
		{BD7899A6-4F9D-4E5D-8364-89A0BBDD1FE0}.Release|Any CPU.Build.0 = Release|Any CPU
		{16144766-87AC-4B76-A765-2A66C6F9B0A1}.Debug|Any CPU.ActiveCfg = Debug|Any CPU
		{16144766-87AC-4B76-A765-2A66C6F9B0A1}.Debug|Any CPU.Build.0 = Debug|Any CPU
		{16144766-87AC-4B76-A765-2A66C6F9B0A1}.Release|Any CPU.ActiveCfg = Release|Any CPU
		{16144766-87AC-4B76-A765-2A66C6F9B0A1}.Release|Any CPU.Build.0 = Release|Any CPU
	EndGlobalSection
	GlobalSection(SolutionProperties) = preSolution
		HideSolutionNode = FALSE
	EndGlobalSection
	GlobalSection(ExtensibilityGlobals) = postSolution
		SolutionGuid = {DA20C367-A113-4BB3-80DB-9F9E43E052AD}
	EndGlobalSection
EndGlobal
